{
  "name": "@unicorn-fail/emoji",
  "version": "0.0.1",
  "lockfileVersion": 2,
  "requires": true,
  "packages": {
    "": {
      "name": "@unicorn-fail/emoji",
      "version": "0.0.1",
      "license": "MIT",
      "devDependencies": {
        "emojibase": "^5.0.0-alpha.1",
        "emojibase-data": "^6.0.0-alpha.1",
        "emojibase-regex": "^5.0.0-alpha.0"
      }
    },
    "node_modules/emojibase": {
      "version": "5.1.1",
      "resolved": "https://registry.npmjs.org/emojibase/-/emojibase-5.1.1.tgz",
      "integrity": "sha512-qc/qfuzZ93xmYMhnVA15yP2k3t4zJvBbqCc8dpDXFf75eJ+IogbzJuWQur8fkwsZ0u7YvJDBh939F9DapQqktQ==",
      "dev": true,
      "funding": {
        "type": "ko-fi",
        "url": "https://ko-fi.com/milesjohnson"
      }
    },
    "node_modules/emojibase-data": {
      "version": "6.1.2",
      "resolved": "https://registry.npmjs.org/emojibase-data/-/emojibase-data-6.1.2.tgz",
      "integrity": "sha512-1fYgpAYkAJq7bmGO3XboP0dQHrtRiyWrAluCmv5NHSK1nruz0x8kXhpLiz48rAJGDQOWYUpLGaPASTNXVZX87Q==",
      "dev": true,
      "funding": {
        "type": "ko-fi",
        "url": "https://ko-fi.com/milesjohnson"
      },
      "peerDependencies": {
        "emojibase": "*"
      }
    },
    "node_modules/emojibase-regex": {
      "version": "5.1.2",
      "resolved": "https://registry.npmjs.org/emojibase-regex/-/emojibase-regex-5.1.2.tgz",
      "integrity": "sha512-/n1k9npdzvJecnTy7qu324btGxWSi4GC4Uk9R4DLDc8CIuNx+a2RQLrDSL/0kOi0dIg4lP4h65wKICYGjyIDbw==",
      "dev": true,
      "funding": {
        "type": "ko-fi",
        "url": "https://ko-fi.com/milesjohnson"
      }
    }
  },
  "dependencies": {
    "emojibase": {
      "version": "5.1.1",
      "resolved": "https://registry.npmjs.org/emojibase/-/emojibase-5.1.1.tgz",
      "integrity": "sha512-qc/qfuzZ93xmYMhnVA15yP2k3t4zJvBbqCc8dpDXFf75eJ+IogbzJuWQur8fkwsZ0u7YvJDBh939F9DapQqktQ==",
      "dev": true
    },
    "emojibase-data": {
      "version": "6.1.2",
      "resolved": "https://registry.npmjs.org/emojibase-data/-/emojibase-data-6.1.2.tgz",
      "integrity": "sha512-1fYgpAYkAJq7bmGO3XboP0dQHrtRiyWrAluCmv5NHSK1nruz0x8kXhpLiz48rAJGDQOWYUpLGaPASTNXVZX87Q==",
      "dev": true,
      "requires": {}
    },
    "emojibase-regex": {
      "version": "5.1.2",
      "resolved": "https://registry.npmjs.org/emojibase-regex/-/emojibase-regex-5.1.2.tgz",
      "integrity": "sha512-/n1k9npdzvJecnTy7qu324btGxWSi4GC4Uk9R4DLDc8CIuNx+a2RQLrDSL/0kOi0dIg4lP4h65wKICYGjyIDbw==",
      "dev": true
    }
  }
}
