{
  "name": "@unicorn-fail/emoji",
  "version": "0.0.1",
  "lockfileVersion": 2,
  "requires": true,
  "packages": {
    "": {
      "name": "@unicorn-fail/emoji",
      "version": "0.0.1",
      "license": "MIT",
      "devDependencies": {
        "emojibase": "^5.0.0-alpha.1",
        "emojibase-data": "^6.0.0-alpha.1",
        "emojibase-regex": "^5.0.0-alpha.0"
      }
    },
    "node_modules/emojibase": {
      "version": "5.0.0-alpha.1",
      "resolved": "https://registry.npmjs.org/emojibase/-/emojibase-5.0.0-alpha.1.tgz",
      "integrity": "sha512-hi46OE3FQCjttApjb8F10g5aaUCSm0BOy3s5KFlXTkhCC6VgfRsvVTvcE88jvBkftEeGVuPdBOVYkAIX89tJhw==",
      "dev": true
    },
    "node_modules/emojibase-data": {
      "version": "6.0.0-alpha.1",
      "resolved": "https://registry.npmjs.org/emojibase-data/-/emojibase-data-6.0.0-alpha.1.tgz",
      "integrity": "sha512-gSZkFdgyjXx2J4ASRPjq9iHDEktSyh3bjQEIJYbOBtAK/g7Ax46v6Vf8JtXwOmccA8hdoCOc5Nb83iZ4wPAQuw==",
      "dev": true
    },
    "node_modules/emojibase-regex": {
      "version": "5.0.0-alpha.0",
      "resolved": "https://registry.npmjs.org/emojibase-regex/-/emojibase-regex-5.0.0-alpha.0.tgz",
      "integrity": "sha512-8zrgL10Q8PWemXVOpKsquvg6/pbv3ce+Z/5fwilwbd4sF5XJyUXDpn3mKm48TlPUST6eZldChPtO/Y07QrAITw==",
      "dev": true
    }
  },
  "dependencies": {
    "emojibase": {
      "version": "5.0.0-alpha.1",
      "resolved": "https://registry.npmjs.org/emojibase/-/emojibase-5.0.0-alpha.1.tgz",
      "integrity": "sha512-hi46OE3FQCjttApjb8F10g5aaUCSm0BOy3s5KFlXTkhCC6VgfRsvVTvcE88jvBkftEeGVuPdBOVYkAIX89tJhw==",
      "dev": true
    },
    "emojibase-data": {
      "version": "6.0.0-alpha.1",
      "resolved": "https://registry.npmjs.org/emojibase-data/-/emojibase-data-6.0.0-alpha.1.tgz",
      "integrity": "sha512-gSZkFdgyjXx2J4ASRPjq9iHDEktSyh3bjQEIJYbOBtAK/g7Ax46v6Vf8JtXwOmccA8hdoCOc5Nb83iZ4wPAQuw==",
      "dev": true
    },
    "emojibase-regex": {
      "version": "5.0.0-alpha.0",
      "resolved": "https://registry.npmjs.org/emojibase-regex/-/emojibase-regex-5.0.0-alpha.0.tgz",
      "integrity": "sha512-8zrgL10Q8PWemXVOpKsquvg6/pbv3ce+Z/5fwilwbd4sF5XJyUXDpn3mKm48TlPUST6eZldChPtO/Y07QrAITw==",
      "dev": true
    }
  }
}
